{
  "lockfileVersion": 1,
  "configVersion": 1,
  "workspaces": {
    "": {
      "name": "api-backend",
      "dependencies": {
        "jwt-decode": "^4.0.0",
      },
    },
  },
  "packages": {
    "jwt-decode": ["jwt-decode@4.0.0", "", {}, "sha512-+KJGIyHgkGuIq3IEBNftfhW/LfWhXUIY6OmyVWjliu5KH1y0fw7VQ8YndE2O4qZdMSd9SqbnC8GOcZEy0Om7sA=="],
  }
}
